
Microsoft Visual Studio Solution File, Format Version 12.00
# Visual Studio Version 17
VisualStudioVersion = 17.1.32127.271
MinimumVisualStudioVersion = 10.0.40219.1
Project("{9A19103F-16F7-4668-BE54-9A1E7A4F7556}") = "Minesweeper", "Minesweeper\Minesweeper.csproj", "{EC9412C3-934D-4775-A195-656DFC08BE21}"
EndProject
Global
	GlobalSection(SolutionConfigurationPlatforms) = preSolution
		Debug|Any CPU = Debug|Any CPU
		Release|Any CPU = Release|Any CPU
	EndGlobalSection
	GlobalSection(ProjectConfigurationPlatforms) = postSolution
		{EC9412C3-934D-4775-A195-656DFC08BE21}.Debug|Any CPU.ActiveCfg = Debug|Any CPU
		{EC9412C3-934D-4775-A195-656DFC08BE21}.Debug|Any CPU.Build.0 = Debug|Any CPU
		{EC9412C3-934D-4775-A195-656DFC08BE21}.Release|Any CPU.ActiveCfg = Release|Any CPU
		{EC9412C3-934D-4775-A195-656DFC08BE21}.Release|Any CPU.Build.0 = Release|Any CPU
	EndGlobalSection
	GlobalSection(SolutionProperties) = preSolution
		HideSolutionNode = FALSE
	EndGlobalSection
	GlobalSection(ExtensibilityGlobals) = postSolution
		SolutionGuid = {00357374-59E4-4DA4-B6A4-DE9A01C02ADA}
	EndGlobalSection
EndGlobal
